
Microsoft Visual Studio Solution File, Format Version 12.00
# Visual Studio 2013
VisualStudioVersion = 12.0.40629.0
MinimumVisualStudioVersion = 10.0.40219.1
Project("{8BC9CEB8-8B4A-11D0-8D11-00A0C91BC942}") = "shared_ptr", "shared_ptr\shared_ptr.vcxproj", "{C4BAB626-0D5B-46AD-97B3-0D081AD71DC2}"
	ProjectSection(ProjectDependencies) = postProject
		{52CE204B-DDC9-4D64-9110-6CA34C9DBF09} = {52CE204B-DDC9-4D64-9110-6CA34C9DBF09}
		{4812C1CE-8A2F-49C0-8C18-D1469EDEBAD1} = {4812C1CE-8A2F-49C0-8C18-D1469EDEBAD1}
	EndProjectSection
EndProject
Project("{8BC9CEB8-8B4A-11D0-8D11-00A0C91BC942}") = "thread", "thread\thread.vcxproj", "{4812C1CE-8A2F-49C0-8C18-D1469EDEBAD1}"
	ProjectSection(ProjectDependencies) = postProject
		{52CE204B-DDC9-4D64-9110-6CA34C9DBF09} = {52CE204B-DDC9-4D64-9110-6CA34C9DBF09}
	EndProjectSection
EndProject
Project("{8BC9CEB8-8B4A-11D0-8D11-00A0C91BC942}") = "BasicTools", "BasicTools\BasicTools.vcxproj", "{52CE204B-DDC9-4D64-9110-6CA34C9DBF09}"
EndProject
Project("{8BC9CEB8-8B4A-11D0-8D11-00A0C91BC942}") = "knowledegeLearn", "knowledegeLearn\knowledegeLearn.vcxproj", "{11178914-8F16-4D5A-B1BC-5047D1E5D971}"
EndProject
Global
	GlobalSection(SolutionConfigurationPlatforms) = preSolution
		Debug|Win32 = Debug|Win32
		Release|Win32 = Release|Win32
	EndGlobalSection
	GlobalSection(ProjectConfigurationPlatforms) = postSolution
		{C4BAB626-0D5B-46AD-97B3-0D081AD71DC2}.Debug|Win32.ActiveCfg = Debug|Win32
		{C4BAB626-0D5B-46AD-97B3-0D081AD71DC2}.Debug|Win32.Build.0 = Debug|Win32
		{C4BAB626-0D5B-46AD-97B3-0D081AD71DC2}.Release|Win32.ActiveCfg = Release|Win32
		{C4BAB626-0D5B-46AD-97B3-0D081AD71DC2}.Release|Win32.Build.0 = Release|Win32
		{4812C1CE-8A2F-49C0-8C18-D1469EDEBAD1}.Debug|Win32.ActiveCfg = Debug|Win32
		{4812C1CE-8A2F-49C0-8C18-D1469EDEBAD1}.Debug|Win32.Build.0 = Debug|Win32
		{4812C1CE-8A2F-49C0-8C18-D1469EDEBAD1}.Release|Win32.ActiveCfg = Release|Win32
		{4812C1CE-8A2F-49C0-8C18-D1469EDEBAD1}.Release|Win32.Build.0 = Release|Win32
		{52CE204B-DDC9-4D64-9110-6CA34C9DBF09}.Debug|Win32.ActiveCfg = Debug|Win32
		{52CE204B-DDC9-4D64-9110-6CA34C9DBF09}.Debug|Win32.Build.0 = Debug|Win32
		{52CE204B-DDC9-4D64-9110-6CA34C9DBF09}.Release|Win32.ActiveCfg = Release|Win32
		{52CE204B-DDC9-4D64-9110-6CA34C9DBF09}.Release|Win32.Build.0 = Release|Win32
		{11178914-8F16-4D5A-B1BC-5047D1E5D971}.Debug|Win32.ActiveCfg = Debug|Win32
		{11178914-8F16-4D5A-B1BC-5047D1E5D971}.Debug|Win32.Build.0 = Debug|Win32
		{11178914-8F16-4D5A-B1BC-5047D1E5D971}.Release|Win32.ActiveCfg = Release|Win32
		{11178914-8F16-4D5A-B1BC-5047D1E5D971}.Release|Win32.Build.0 = Release|Win32
	EndGlobalSection
	GlobalSection(SolutionProperties) = preSolution
		HideSolutionNode = FALSE
	EndGlobalSection
EndGlobal
